
Microsoft Visual Studio Solution File, Format Version 12.00
# Visual Studio Version 16
VisualStudioVersion = 16.0.33927.289
MinimumVisualStudioVersion = 10.0.40219.1
Project("{2150E333-8FDC-42A3-9474-1A3956D46DE8}") = "Task0", "Task0", "{DD95B81D-E2BF-4DDC-AE23-35DAE1F11796}"
EndProject
Project("{8BC9CEB8-8B4A-11D0-8D11-00A0C91BC942}") = "Tyuiu.SolievAH.Sprint1.Task1.V1", "Tyuiu.SolievAH.Sprint1.Task1.V1\Tyuiu.SolievAH.Sprint1.Task1.V1.vcxproj", "{175E913D-534B-4914-A1D9-A10E9F8C014B}"
EndProject
Project("{8BC9CEB8-8B4A-11D0-8D11-00A0C91BC942}") = "Tyuiu.SolievAH.Sprint1.Task1.V1.Lib", "Tyuiu.SolievAH.Sprint1.Task1.V1.Lib\Tyuiu.SolievAH.Sprint1.Task1.V1.Lib.vcxproj", "{E2821F68-A96A-4E88-A102-64C85E622EBD}"
EndProject
Project("{8BC9CEB8-8B4A-11D0-8D11-00A0C91BC942}") = "Tyuiu.SolievAH.Sprint1.Task1.V1.Test", "Tyuiu.SolievAH.Sprint1.Task1.V1.Test\Tyuiu.SolievAH.Sprint1.Task1.V1.Test.vcxproj", "{70AF91B8-E929-4F67-9500-77B98CBB7CDD}"
EndProject
Project("{2150E333-8FDC-42A3-9474-1A3956D46DE8}") = "NewFolder1", "NewFolder1", "{054B4F38-E29B-431E-BA58-EDADE8EFBB15}"
EndProject
Project("{8BC9CEB8-8B4A-11D0-8D11-00A0C91BC942}") = "Tyuiu.SolievAH.Sprint1.Task1.1", "Tyuiu.SolievAH.Sprint1.Task1.1\Tyuiu.SolievAH.Sprint1.Task1.1.vcxproj", "{AD488E60-500D-445B-BAA0-F305A9AF184F}"
EndProject
Project("{8BC9CEB8-8B4A-11D0-8D11-00A0C91BC942}") = "Tyuiu.SolievAH.Sprint1.Task1.1.Test", "Tyuiu.SolievAH.Sprint1.Task1.1.Test\Tyuiu.SolievAH.Sprint1.Task1.1.Test.vcxproj", "{DEA4D358-FD7E-464A-8139-0E51DD1348E8}"
EndProject
Project("{8BC9CEB8-8B4A-11D0-8D11-00A0C91BC942}") = "Tyuiu.SolievAH.Sprint1.Task1.1.lib", "Tyuiu.SolievAH.Sprint1.Task1.1.lib\Tyuiu.SolievAH.Sprint1.Task1.1.lib.vcxproj", "{0182C9A9-C195-4F53-88F1-B57A483992BE}"
EndProject
Global
	GlobalSection(SolutionConfigurationPlatforms) = preSolution
		Debug|x64 = Debug|x64
		Debug|x86 = Debug|x86
		Release|x64 = Release|x64
		Release|x86 = Release|x86
	EndGlobalSection
	GlobalSection(ProjectConfigurationPlatforms) = postSolution
		{175E913D-534B-4914-A1D9-A10E9F8C014B}.Debug|x64.ActiveCfg = Debug|x64
		{175E913D-534B-4914-A1D9-A10E9F8C014B}.Debug|x64.Build.0 = Debug|x64
		{175E913D-534B-4914-A1D9-A10E9F8C014B}.Debug|x86.ActiveCfg = Debug|Win32
		{175E913D-534B-4914-A1D9-A10E9F8C014B}.Debug|x86.Build.0 = Debug|Win32
		{175E913D-534B-4914-A1D9-A10E9F8C014B}.Release|x64.ActiveCfg = Release|x64
		{175E913D-534B-4914-A1D9-A10E9F8C014B}.Release|x64.Build.0 = Release|x64
		{175E913D-534B-4914-A1D9-A10E9F8C014B}.Release|x86.ActiveCfg = Release|Win32
		{175E913D-534B-4914-A1D9-A10E9F8C014B}.Release|x86.Build.0 = Release|Win32
		{E2821F68-A96A-4E88-A102-64C85E622EBD}.Debug|x64.ActiveCfg = Debug|x64
		{E2821F68-A96A-4E88-A102-64C85E622EBD}.Debug|x64.Build.0 = Debug|x64
		{E2821F68-A96A-4E88-A102-64C85E622EBD}.Debug|x86.ActiveCfg = Debug|Win32
		{E2821F68-A96A-4E88-A102-64C85E622EBD}.Debug|x86.Build.0 = Debug|Win32
		{E2821F68-A96A-4E88-A102-64C85E622EBD}.Release|x64.ActiveCfg = Release|x64
		{E2821F68-A96A-4E88-A102-64C85E622EBD}.Release|x64.Build.0 = Release|x64
		{E2821F68-A96A-4E88-A102-64C85E622EBD}.Release|x86.ActiveCfg = Release|Win32
		{E2821F68-A96A-4E88-A102-64C85E622EBD}.Release|x86.Build.0 = Release|Win32
		{70AF91B8-E929-4F67-9500-77B98CBB7CDD}.Debug|x64.ActiveCfg = Debug|x64
		{70AF91B8-E929-4F67-9500-77B98CBB7CDD}.Debug|x64.Build.0 = Debug|x64
		{70AF91B8-E929-4F67-9500-77B98CBB7CDD}.Debug|x86.ActiveCfg = Debug|Win32
		{70AF91B8-E929-4F67-9500-77B98CBB7CDD}.Debug|x86.Build.0 = Debug|Win32
		{70AF91B8-E929-4F67-9500-77B98CBB7CDD}.Release|x64.ActiveCfg = Release|x64
		{70AF91B8-E929-4F67-9500-77B98CBB7CDD}.Release|x64.Build.0 = Release|x64
		{70AF91B8-E929-4F67-9500-77B98CBB7CDD}.Release|x86.ActiveCfg = Release|Win32
		{70AF91B8-E929-4F67-9500-77B98CBB7CDD}.Release|x86.Build.0 = Release|Win32
		{AD488E60-500D-445B-BAA0-F305A9AF184F}.Debug|x64.ActiveCfg = Debug|x64
		{AD488E60-500D-445B-BAA0-F305A9AF184F}.Debug|x64.Build.0 = Debug|x64
		{AD488E60-500D-445B-BAA0-F305A9AF184F}.Debug|x86.ActiveCfg = Debug|Win32
		{AD488E60-500D-445B-BAA0-F305A9AF184F}.Debug|x86.Build.0 = Debug|Win32
		{AD488E60-500D-445B-BAA0-F305A9AF184F}.Release|x64.ActiveCfg = Release|x64
		{AD488E60-500D-445B-BAA0-F305A9AF184F}.Release|x64.Build.0 = Release|x64
		{AD488E60-500D-445B-BAA0-F305A9AF184F}.Release|x86.ActiveCfg = Release|Win32
		{AD488E60-500D-445B-BAA0-F305A9AF184F}.Release|x86.Build.0 = Release|Win32
		{DEA4D358-FD7E-464A-8139-0E51DD1348E8}.Debug|x64.ActiveCfg = Debug|x64
		{DEA4D358-FD7E-464A-8139-0E51DD1348E8}.Debug|x64.Build.0 = Debug|x64
		{DEA4D358-FD7E-464A-8139-0E51DD1348E8}.Debug|x86.ActiveCfg = Debug|Win32
		{DEA4D358-FD7E-464A-8139-0E51DD1348E8}.Debug|x86.Build.0 = Debug|Win32
		{DEA4D358-FD7E-464A-8139-0E51DD1348E8}.Release|x64.ActiveCfg = Release|x64
		{DEA4D358-FD7E-464A-8139-0E51DD1348E8}.Release|x64.Build.0 = Release|x64
		{DEA4D358-FD7E-464A-8139-0E51DD1348E8}.Release|x86.ActiveCfg = Release|Win32
		{DEA4D358-FD7E-464A-8139-0E51DD1348E8}.Release|x86.Build.0 = Release|Win32
		{0182C9A9-C195-4F53-88F1-B57A483992BE}.Debug|x64.ActiveCfg = Debug|x64
		{0182C9A9-C195-4F53-88F1-B57A483992BE}.Debug|x64.Build.0 = Debug|x64
		{0182C9A9-C195-4F53-88F1-B57A483992BE}.Debug|x86.ActiveCfg = Debug|Win32
		{0182C9A9-C195-4F53-88F1-B57A483992BE}.Debug|x86.Build.0 = Debug|Win32
		{0182C9A9-C195-4F53-88F1-B57A483992BE}.Release|x64.ActiveCfg = Release|x64
		{0182C9A9-C195-4F53-88F1-B57A483992BE}.Release|x64.Build.0 = Release|x64
		{0182C9A9-C195-4F53-88F1-B57A483992BE}.Release|x86.ActiveCfg = Release|Win32
		{0182C9A9-C195-4F53-88F1-B57A483992BE}.Release|x86.Build.0 = Release|Win32
	EndGlobalSection
	GlobalSection(SolutionProperties) = preSolution
		HideSolutionNode = FALSE
	EndGlobalSection
	GlobalSection(NestedProjects) = preSolution
		{175E913D-534B-4914-A1D9-A10E9F8C014B} = {DD95B81D-E2BF-4DDC-AE23-35DAE1F11796}
		{E2821F68-A96A-4E88-A102-64C85E622EBD} = {DD95B81D-E2BF-4DDC-AE23-35DAE1F11796}
		{70AF91B8-E929-4F67-9500-77B98CBB7CDD} = {DD95B81D-E2BF-4DDC-AE23-35DAE1F11796}
		{AD488E60-500D-445B-BAA0-F305A9AF184F} = {054B4F38-E29B-431E-BA58-EDADE8EFBB15}
		{DEA4D358-FD7E-464A-8139-0E51DD1348E8} = {054B4F38-E29B-431E-BA58-EDADE8EFBB15}
		{0182C9A9-C195-4F53-88F1-B57A483992BE} = {054B4F38-E29B-431E-BA58-EDADE8EFBB15}
	EndGlobalSection
	GlobalSection(ExtensibilityGlobals) = postSolution
		SolutionGuid = {1D75E1EA-7920-4303-9156-3EA34F1F5CA3}
	EndGlobalSection
EndGlobal
